
Microsoft Visual Studio Solution File, Format Version 12.00
# Visual Studio 14
VisualStudioVersion = 14.0.25420.1
MinimumVisualStudioVersion = 10.0.40219.1
Project("{FAE04EC0-301F-11D3-BF4B-00C04F79EFBC}") = "FakeApi", "FakeApi\FakeApi.csproj", "{D858E005-F54F-43A9-ABA8-AD567A8FFAF3}"
EndProject
Project("{FAE04EC0-301F-11D3-BF4B-00C04F79EFBC}") = "TimeoutTestApp", "TimeoutTestApp\TimeoutTestApp.csproj", "{FBEDABDA-7773-49D2-A31B-BBFAD705EE3D}"
EndProject
Global
	GlobalSection(SolutionConfigurationPlatforms) = preSolution
		Debug|Any CPU = Debug|Any CPU
		Release|Any CPU = Release|Any CPU
	EndGlobalSection
	GlobalSection(ProjectConfigurationPlatforms) = postSolution
		{D858E005-F54F-43A9-ABA8-AD567A8FFAF3}.Debug|Any CPU.ActiveCfg = Debug|Any CPU
		{D858E005-F54F-43A9-ABA8-AD567A8FFAF3}.Debug|Any CPU.Build.0 = Debug|Any CPU
		{D858E005-F54F-43A9-ABA8-AD567A8FFAF3}.Release|Any CPU.ActiveCfg = Release|Any CPU
		{D858E005-F54F-43A9-ABA8-AD567A8FFAF3}.Release|Any CPU.Build.0 = Release|Any CPU
		{FBEDABDA-7773-49D2-A31B-BBFAD705EE3D}.Debug|Any CPU.ActiveCfg = Debug|Any CPU
		{FBEDABDA-7773-49D2-A31B-BBFAD705EE3D}.Debug|Any CPU.Build.0 = Debug|Any CPU
		{FBEDABDA-7773-49D2-A31B-BBFAD705EE3D}.Release|Any CPU.ActiveCfg = Release|Any CPU
		{FBEDABDA-7773-49D2-A31B-BBFAD705EE3D}.Release|Any CPU.Build.0 = Release|Any CPU
	EndGlobalSection
	GlobalSection(SolutionProperties) = preSolution
		HideSolutionNode = FALSE
	EndGlobalSection
EndGlobal
